
Microsoft Visual Studio Solution File, Format Version 12.00
# Visual Studio Version 17
VisualStudioVersion = 17.8.34316.72
MinimumVisualStudioVersion = 10.0.40219.1
Project("{FAE04EC0-301F-11D3-BF4B-00C04F79EFBC}") = "CXL.DI.API", "CXL.DI.API\CXL.DI.API.csproj", "{EB402C5D-2385-47E0-806A-29E720353618}"
EndProject
Global
	GlobalSection(SolutionConfigurationPlatforms) = preSolution
		Debug|Any CPU = Debug|Any CPU
		Release|Any CPU = Release|Any CPU
	EndGlobalSection
	GlobalSection(ProjectConfigurationPlatforms) = postSolution
		{EB402C5D-2385-47E0-806A-29E720353618}.Debug|Any CPU.ActiveCfg = Debug|Any CPU
		{EB402C5D-2385-47E0-806A-29E720353618}.Debug|Any CPU.Build.0 = Debug|Any CPU
		{EB402C5D-2385-47E0-806A-29E720353618}.Release|Any CPU.ActiveCfg = Release|Any CPU
		{EB402C5D-2385-47E0-806A-29E720353618}.Release|Any CPU.Build.0 = Release|Any CPU
	EndGlobalSection
	GlobalSection(SolutionProperties) = preSolution
		HideSolutionNode = FALSE
	EndGlobalSection
	GlobalSection(ExtensibilityGlobals) = postSolution
		SolutionGuid = {64284E42-4730-4650-AAEF-EFD8D7B353D3}
	EndGlobalSection
EndGlobal
